
Microsoft Visual Studio Solution File, Format Version 12.00
# Visual Studio 2012
Project("{8BC9CEB8-8B4A-11D0-8D11-00A0C91BC942}") = "test2012", "test2012\test2012.vcxproj", "{583C0419-7F74-436E-B308-08E4D9849E59}"
EndProject
Global
	GlobalSection(SolutionConfigurationPlatforms) = preSolution
		Debug|Win32 = Debug|Win32
		Release|Win32 = Release|Win32
	EndGlobalSection
	GlobalSection(ProjectConfigurationPlatforms) = postSolution
		{583C0419-7F74-436E-B308-08E4D9849E59}.Debug|Win32.ActiveCfg = Debug|Win32
		{583C0419-7F74-436E-B308-08E4D9849E59}.Debug|Win32.Build.0 = Debug|Win32
		{583C0419-7F74-436E-B308-08E4D9849E59}.Release|Win32.ActiveCfg = Release|Win32
		{583C0419-7F74-436E-B308-08E4D9849E59}.Release|Win32.Build.0 = Release|Win32
	EndGlobalSection
	GlobalSection(SolutionProperties) = preSolution
		HideSolutionNode = FALSE
	EndGlobalSection
EndGlobal
